
Microsoft Visual Studio Solution File, Format Version 12.00
# Visual Studio Version 17
VisualStudioVersion = 17.9.34607.119
MinimumVisualStudioVersion = 10.0.40219.1
Project("{FAE04EC0-301F-11D3-BF4B-00C04F79EFBC}") = "AntiBruteForce", "AntiBruteForce\AntiBruteForce.csproj", "{EF510E24-20CB-44AC-8554-462F39502157}"
EndProject
Project("{2150E333-8FDC-42A3-9474-1A3956D46DE8}") = "Elementi di soluzione", "Elementi di soluzione", "{63CDBFB0-7388-4863-8B29-22D954035B4A}"
	ProjectSection(SolutionItems) = preProject
		README.md = README.md
	EndProjectSection
EndProject
Global
	GlobalSection(SolutionConfigurationPlatforms) = preSolution
		Debug|Any CPU = Debug|Any CPU
		Release|Any CPU = Release|Any CPU
	EndGlobalSection
	GlobalSection(ProjectConfigurationPlatforms) = postSolution
		{EF510E24-20CB-44AC-8554-462F39502157}.Debug|Any CPU.ActiveCfg = Debug|Any CPU
		{EF510E24-20CB-44AC-8554-462F39502157}.Debug|Any CPU.Build.0 = Debug|Any CPU
		{EF510E24-20CB-44AC-8554-462F39502157}.Release|Any CPU.ActiveCfg = Release|Any CPU
		{EF510E24-20CB-44AC-8554-462F39502157}.Release|Any CPU.Build.0 = Release|Any CPU
	EndGlobalSection
	GlobalSection(SolutionProperties) = preSolution
		HideSolutionNode = FALSE
	EndGlobalSection
	GlobalSection(ExtensibilityGlobals) = postSolution
		SolutionGuid = {1A1BAD2A-2DD5-468D-A675-F8E6056874EC}
	EndGlobalSection
EndGlobal
